
Microsoft Visual Studio Solution File, Format Version 12.00
# Visual Studio Version 17
VisualStudioVersion = 17.2.32314.265
MinimumVisualStudioVersion = 10.0.40219.1
Project("{FAE04EC0-301F-11D3-BF4B-00C04F79EFBC}") = "FactoryMethodPattern", "FactoryMethodPattern.csproj", "{E8042623-FE7D-4659-A526-274E8FF8AEE8}"
EndProject
Global
	GlobalSection(SolutionConfigurationPlatforms) = preSolution
		Debug|Any CPU = Debug|Any CPU
		Release|Any CPU = Release|Any CPU
	EndGlobalSection
	GlobalSection(ProjectConfigurationPlatforms) = postSolution
		{E8042623-FE7D-4659-A526-274E8FF8AEE8}.Debug|Any CPU.ActiveCfg = Debug|Any CPU
		{E8042623-FE7D-4659-A526-274E8FF8AEE8}.Debug|Any CPU.Build.0 = Debug|Any CPU
		{E8042623-FE7D-4659-A526-274E8FF8AEE8}.Release|Any CPU.ActiveCfg = Release|Any CPU
		{E8042623-FE7D-4659-A526-274E8FF8AEE8}.Release|Any CPU.Build.0 = Release|Any CPU
	EndGlobalSection
	GlobalSection(SolutionProperties) = preSolution
		HideSolutionNode = FALSE
	EndGlobalSection
	GlobalSection(ExtensibilityGlobals) = postSolution
		SolutionGuid = {57FA17EC-A4C0-44CB-B7BD-510E3572E3BE}
	EndGlobalSection
EndGlobal
